
Microsoft Visual Studio Solution File, Format Version 12.00
# Visual Studio Version 16
VisualStudioVersion = 16.0.28922.388
MinimumVisualStudioVersion = 10.0.40219.1
Project("{FAE04EC0-301F-11D3-BF4B-00C04F79EFBC}") = "BankApp", "BankApp\BankApp.csproj", "{C02B133B-8FA0-4699-BB1C-E3AB3888EB89}"
EndProject
Global
	GlobalSection(SolutionConfigurationPlatforms) = preSolution
		Debug|Any CPU = Debug|Any CPU
		Release|Any CPU = Release|Any CPU
	EndGlobalSection
	GlobalSection(ProjectConfigurationPlatforms) = postSolution
		{C02B133B-8FA0-4699-BB1C-E3AB3888EB89}.Debug|Any CPU.ActiveCfg = Debug|Any CPU
		{C02B133B-8FA0-4699-BB1C-E3AB3888EB89}.Debug|Any CPU.Build.0 = Debug|Any CPU
		{C02B133B-8FA0-4699-BB1C-E3AB3888EB89}.Release|Any CPU.ActiveCfg = Release|Any CPU
		{C02B133B-8FA0-4699-BB1C-E3AB3888EB89}.Release|Any CPU.Build.0 = Release|Any CPU
	EndGlobalSection
	GlobalSection(SolutionProperties) = preSolution
		HideSolutionNode = FALSE
	EndGlobalSection
	GlobalSection(ExtensibilityGlobals) = postSolution
		SolutionGuid = {ECED8DA2-5C7C-42A5-84D7-0520A3BB0219}
	EndGlobalSection
EndGlobal
